{
  "name": "tim-uniapp",
  "version": "1.0.0",
  "lockfileVersion": 1,
  "requires": true,
  "dependencies": {
    "clipboard": {
      "version": "2.0.8",
      "resolved": "https://registry.npmjs.org/clipboard/-/clipboard-2.0.8.tgz",
      "integrity": "sha512-Y6WO0unAIQp5bLmk1zdThRhgJt/x3ks6f30s3oE3H1mgIEU33XyQjEf8gsf6DxC7NPX8Y1SsNWjUjL/ywLnnbQ==",
      "requires": {
        "good-listener": "^1.2.2",
        "select": "^1.1.2",
        "tiny-emitter": "^2.0.0"
      }
    },
    "cos-js-sdk-v5": {
      "version": "0.5.27",
      "resolved": "https://registry.npmjs.org/cos-js-sdk-v5/-/cos-js-sdk-v5-0.5.27.tgz",
      "integrity": "sha512-kq5363l1TpU26AHRZTcWCibPfM5ykQ2zHsdpnP/Ax8SMuYQDNIP/BVWaA55Ks2r5JsELjqXLF516FeXQz3jEZw==",
      "requires": {
        "xmldom": "^0.1.27"
      }
    },
    "delegate": {
      "version": "3.2.0",
      "resolved": "https://registry.npmjs.org/delegate/-/delegate-3.2.0.tgz",
      "integrity": "sha512-IofjkYBZaZivn0V8nnsMJGBr4jVLxHDheKSW88PyxS5QC4Vo9ZbZVvhzlSxY87fVq3STR6r+4cGepyHkcWOQSw=="
    },
    "good-listener": {
      "version": "1.2.2",
      "resolved": "https://registry.npmjs.org/good-listener/-/good-listener-1.2.2.tgz",
      "integrity": "sha1-1TswzfkxPf+33JoNR3CWqm0UXFA=",
      "requires": {
        "delegate": "^3.1.2"
      }
    },
    "select": {
      "version": "1.1.2",
      "resolved": "https://registry.npmjs.org/select/-/select-1.1.2.tgz",
      "integrity": "sha1-DnNQrN7ICxEIUoeG7B1EGNEbOW0="
    },
    "tim-js-sdk": {
      "version": "2.14.0",
      "resolved": "https://registry.npmjs.org/tim-js-sdk/-/tim-js-sdk-2.14.0.tgz",
      "integrity": "sha512-mFHLqTPoQDG6bIcB0xWna+QOf13TtEC4nBwPcRituR7SOr8FYRJx+nvva+0EYZttNBnEVAlYZhgEEj8qbUkEgg=="
    },
    "tiny-emitter": {
      "version": "2.1.0",
      "resolved": "https://registry.npmjs.org/tiny-emitter/-/tiny-emitter-2.1.0.tgz",
      "integrity": "sha512-NB6Dk1A9xgQPMoGqC5CVXn123gWyte215ONT5Pp5a0yt4nlEoO1ZWeCwpncaekPHXO60i47ihFnZPiRPjRMq4Q=="
    },
    "uview-ui": {
      "version": "1.8.4",
      "resolved": "https://registry.npmjs.org/uview-ui/-/uview-ui-1.8.4.tgz",
      "integrity": "sha512-Zr+D5dFdNy6CdHQLBEXeGq/w0LkjxzBtsgaaDwLl0P58g67H7fBBDvy6AzWK/k0c7dwPYMBiK7I4Tr9p92+0DA=="
    },
    "vue-clipboard2": {
      "version": "0.3.3",
      "resolved": "https://registry.npmjs.org/vue-clipboard2/-/vue-clipboard2-0.3.3.tgz",
      "integrity": "sha512-aNWXIL2DKgJyY/1OOeITwAQz1fHaCIGvUFHf9h8UcoQBG5a74MkdhS/xqoYe7DNZdQmZRL+TAdIbtUs9OyVjbw==",
      "requires": {
        "clipboard": "^2.0.0"
      }
    },
    "xmldom": {
      "version": "0.1.31",
      "resolved": "https://registry.npmjs.org/xmldom/-/xmldom-0.1.31.tgz",
      "integrity": "sha512-yS2uJflVQs6n+CyjHoaBmVSqIDevTAWrzMmjG1Gc7h1qQ7uVozNhEPJAwZXWyGQ/Gafo3fCwrcaokezLPupVyQ=="
    }
  }
}
